
Microsoft Visual Studio Solution File, Format Version 12.00
# Visual Studio 15
VisualStudioVersion = 15.0.27428.2015
MinimumVisualStudioVersion = 10.0.40219.1
Project("{FAE04EC0-301F-11D3-BF4B-00C04F79EFBC}") = "BitfreshWindows", "BitfreshWindows\BitfreshWindows.csproj", "{9CB1C6DA-9C32-4C60-A843-02AE29FCF5E9}"
EndProject
Project("{9A19103F-16F7-4668-BE54-9A1E7A4F7556}") = "Bitfresh_Core", "Bitfresh_Core\Bitfresh_Core.csproj", "{CAA4F506-8050-435F-B7F3-C7B597D31B82}"
EndProject
Project("{FAE04EC0-301F-11D3-BF4B-00C04F79EFBC}") = "Bitfresh_WindowsForm", "Bitfresh_WindowsForm\Bitfresh_WindowsForm.csproj", "{2E073781-0367-4085-B11E-C6FE5BD69B5C}"
EndProject
Project("{54435603-DBB4-11D2-8724-00A0C9A8B90C}") = "BitfreshSetup", "BitfreshSetup\BitfreshSetup.vdproj", "{402A6EC9-B4E4-4903-932C-CD7D5B39E520}"
EndProject
Project("{9A19103F-16F7-4668-BE54-9A1E7A4F7556}") = "BittrexSharp", "BittrexSharp\BittrexSharp.csproj", "{6DE499EF-71FC-475C-8FBA-9B0FEB8EFFB2}"
EndProject
Global
	GlobalSection(SolutionConfigurationPlatforms) = preSolution
		All|Any CPU = All|Any CPU
		All|iPhone = All|iPhone
		All|iPhoneSimulator = All|iPhoneSimulator
		Debug|Any CPU = Debug|Any CPU
		Debug|iPhone = Debug|iPhone
		Debug|iPhoneSimulator = Debug|iPhoneSimulator
		DefaultBuild|Any CPU = DefaultBuild|Any CPU
		DefaultBuild|iPhone = DefaultBuild|iPhone
		DefaultBuild|iPhoneSimulator = DefaultBuild|iPhoneSimulator
		Release|Any CPU = Release|Any CPU
		Release|iPhone = Release|iPhone
		Release|iPhoneSimulator = Release|iPhoneSimulator
	EndGlobalSection
	GlobalSection(ProjectConfigurationPlatforms) = postSolution
		{9CB1C6DA-9C32-4C60-A843-02AE29FCF5E9}.All|Any CPU.ActiveCfg = Release|Any CPU
		{9CB1C6DA-9C32-4C60-A843-02AE29FCF5E9}.All|Any CPU.Build.0 = Release|Any CPU
		{9CB1C6DA-9C32-4C60-A843-02AE29FCF5E9}.All|iPhone.ActiveCfg = Release|Any CPU
		{9CB1C6DA-9C32-4C60-A843-02AE29FCF5E9}.All|iPhone.Build.0 = Release|Any CPU
		{9CB1C6DA-9C32-4C60-A843-02AE29FCF5E9}.All|iPhoneSimulator.ActiveCfg = Release|Any CPU
		{9CB1C6DA-9C32-4C60-A843-02AE29FCF5E9}.All|iPhoneSimulator.Build.0 = Release|Any CPU
		{9CB1C6DA-9C32-4C60-A843-02AE29FCF5E9}.Debug|Any CPU.ActiveCfg = Debug|Any CPU
		{9CB1C6DA-9C32-4C60-A843-02AE29FCF5E9}.Debug|Any CPU.Build.0 = Debug|Any CPU
		{9CB1C6DA-9C32-4C60-A843-02AE29FCF5E9}.Debug|iPhone.ActiveCfg = Debug|Any CPU
		{9CB1C6DA-9C32-4C60-A843-02AE29FCF5E9}.Debug|iPhone.Build.0 = Debug|Any CPU
		{9CB1C6DA-9C32-4C60-A843-02AE29FCF5E9}.Debug|iPhoneSimulator.ActiveCfg = Debug|Any CPU
		{9CB1C6DA-9C32-4C60-A843-02AE29FCF5E9}.Debug|iPhoneSimulator.Build.0 = Debug|Any CPU
		{9CB1C6DA-9C32-4C60-A843-02AE29FCF5E9}.DefaultBuild|Any CPU.ActiveCfg = Debug|Any CPU
		{9CB1C6DA-9C32-4C60-A843-02AE29FCF5E9}.DefaultBuild|Any CPU.Build.0 = Debug|Any CPU
		{9CB1C6DA-9C32-4C60-A843-02AE29FCF5E9}.DefaultBuild|iPhone.ActiveCfg = Debug|Any CPU
		{9CB1C6DA-9C32-4C60-A843-02AE29FCF5E9}.DefaultBuild|iPhone.Build.0 = Debug|Any CPU
		{9CB1C6DA-9C32-4C60-A843-02AE29FCF5E9}.DefaultBuild|iPhoneSimulator.ActiveCfg = Debug|Any CPU
		{9CB1C6DA-9C32-4C60-A843-02AE29FCF5E9}.DefaultBuild|iPhoneSimulator.Build.0 = Debug|Any CPU
		{9CB1C6DA-9C32-4C60-A843-02AE29FCF5E9}.Release|Any CPU.ActiveCfg = Release|Any CPU
		{9CB1C6DA-9C32-4C60-A843-02AE29FCF5E9}.Release|iPhone.ActiveCfg = Release|Any CPU
		{9CB1C6DA-9C32-4C60-A843-02AE29FCF5E9}.Release|iPhone.Build.0 = Release|Any CPU
		{9CB1C6DA-9C32-4C60-A843-02AE29FCF5E9}.Release|iPhoneSimulator.ActiveCfg = Release|Any CPU
		{9CB1C6DA-9C32-4C60-A843-02AE29FCF5E9}.Release|iPhoneSimulator.Build.0 = Release|Any CPU
		{CAA4F506-8050-435F-B7F3-C7B597D31B82}.All|Any CPU.ActiveCfg = Debug|Any CPU
		{CAA4F506-8050-435F-B7F3-C7B597D31B82}.All|Any CPU.Build.0 = Debug|Any CPU
		{CAA4F506-8050-435F-B7F3-C7B597D31B82}.All|iPhone.ActiveCfg = Debug|Any CPU
		{CAA4F506-8050-435F-B7F3-C7B597D31B82}.All|iPhone.Build.0 = Debug|Any CPU
		{CAA4F506-8050-435F-B7F3-C7B597D31B82}.All|iPhoneSimulator.ActiveCfg = Debug|Any CPU
		{CAA4F506-8050-435F-B7F3-C7B597D31B82}.All|iPhoneSimulator.Build.0 = Debug|Any CPU
		{CAA4F506-8050-435F-B7F3-C7B597D31B82}.Debug|Any CPU.ActiveCfg = Debug|Any CPU
		{CAA4F506-8050-435F-B7F3-C7B597D31B82}.Debug|Any CPU.Build.0 = Debug|Any CPU
		{CAA4F506-8050-435F-B7F3-C7B597D31B82}.Debug|iPhone.ActiveCfg = Debug|Any CPU
		{CAA4F506-8050-435F-B7F3-C7B597D31B82}.Debug|iPhone.Build.0 = Debug|Any CPU
		{CAA4F506-8050-435F-B7F3-C7B597D31B82}.Debug|iPhoneSimulator.ActiveCfg = Debug|Any CPU
		{CAA4F506-8050-435F-B7F3-C7B597D31B82}.Debug|iPhoneSimulator.Build.0 = Debug|Any CPU
		{CAA4F506-8050-435F-B7F3-C7B597D31B82}.DefaultBuild|Any CPU.ActiveCfg = Debug|Any CPU
		{CAA4F506-8050-435F-B7F3-C7B597D31B82}.DefaultBuild|Any CPU.Build.0 = Debug|Any CPU
		{CAA4F506-8050-435F-B7F3-C7B597D31B82}.DefaultBuild|iPhone.ActiveCfg = Debug|Any CPU
		{CAA4F506-8050-435F-B7F3-C7B597D31B82}.DefaultBuild|iPhone.Build.0 = Debug|Any CPU
		{CAA4F506-8050-435F-B7F3-C7B597D31B82}.DefaultBuild|iPhoneSimulator.ActiveCfg = Debug|Any CPU
		{CAA4F506-8050-435F-B7F3-C7B597D31B82}.DefaultBuild|iPhoneSimulator.Build.0 = Debug|Any CPU
		{CAA4F506-8050-435F-B7F3-C7B597D31B82}.Release|Any CPU.ActiveCfg = Release|Any CPU
		{CAA4F506-8050-435F-B7F3-C7B597D31B82}.Release|Any CPU.Build.0 = Release|Any CPU
		{CAA4F506-8050-435F-B7F3-C7B597D31B82}.Release|iPhone.ActiveCfg = Release|Any CPU
		{CAA4F506-8050-435F-B7F3-C7B597D31B82}.Release|iPhone.Build.0 = Release|Any CPU
		{CAA4F506-8050-435F-B7F3-C7B597D31B82}.Release|iPhoneSimulator.ActiveCfg = Release|Any CPU
		{CAA4F506-8050-435F-B7F3-C7B597D31B82}.Release|iPhoneSimulator.Build.0 = Release|Any CPU
		{2E073781-0367-4085-B11E-C6FE5BD69B5C}.All|Any CPU.ActiveCfg = Release|Any CPU
		{2E073781-0367-4085-B11E-C6FE5BD69B5C}.All|Any CPU.Build.0 = Release|Any CPU
		{2E073781-0367-4085-B11E-C6FE5BD69B5C}.All|iPhone.ActiveCfg = Release|Any CPU
		{2E073781-0367-4085-B11E-C6FE5BD69B5C}.All|iPhone.Build.0 = Release|Any CPU
		{2E073781-0367-4085-B11E-C6FE5BD69B5C}.All|iPhoneSimulator.ActiveCfg = Release|Any CPU
		{2E073781-0367-4085-B11E-C6FE5BD69B5C}.All|iPhoneSimulator.Build.0 = Release|Any CPU
		{2E073781-0367-4085-B11E-C6FE5BD69B5C}.Debug|Any CPU.ActiveCfg = Debug|Any CPU
		{2E073781-0367-4085-B11E-C6FE5BD69B5C}.Debug|Any CPU.Build.0 = Debug|Any CPU
		{2E073781-0367-4085-B11E-C6FE5BD69B5C}.Debug|iPhone.ActiveCfg = Debug|Any CPU
		{2E073781-0367-4085-B11E-C6FE5BD69B5C}.Debug|iPhone.Build.0 = Debug|Any CPU
		{2E073781-0367-4085-B11E-C6FE5BD69B5C}.Debug|iPhoneSimulator.ActiveCfg = Debug|Any CPU
		{2E073781-0367-4085-B11E-C6FE5BD69B5C}.Debug|iPhoneSimulator.Build.0 = Debug|Any CPU
		{2E073781-0367-4085-B11E-C6FE5BD69B5C}.DefaultBuild|Any CPU.ActiveCfg = Debug|Any CPU
		{2E073781-0367-4085-B11E-C6FE5BD69B5C}.DefaultBuild|Any CPU.Build.0 = Debug|Any CPU
		{2E073781-0367-4085-B11E-C6FE5BD69B5C}.DefaultBuild|iPhone.ActiveCfg = Debug|Any CPU
		{2E073781-0367-4085-B11E-C6FE5BD69B5C}.DefaultBuild|iPhone.Build.0 = Debug|Any CPU
		{2E073781-0367-4085-B11E-C6FE5BD69B5C}.DefaultBuild|iPhoneSimulator.ActiveCfg = Debug|Any CPU
		{2E073781-0367-4085-B11E-C6FE5BD69B5C}.DefaultBuild|iPhoneSimulator.Build.0 = Debug|Any CPU
		{2E073781-0367-4085-B11E-C6FE5BD69B5C}.Release|Any CPU.ActiveCfg = Release|Any CPU
		{2E073781-0367-4085-B11E-C6FE5BD69B5C}.Release|Any CPU.Build.0 = Release|Any CPU
		{2E073781-0367-4085-B11E-C6FE5BD69B5C}.Release|iPhone.ActiveCfg = Release|Any CPU
		{2E073781-0367-4085-B11E-C6FE5BD69B5C}.Release|iPhone.Build.0 = Release|Any CPU
		{2E073781-0367-4085-B11E-C6FE5BD69B5C}.Release|iPhoneSimulator.ActiveCfg = Release|Any CPU
		{2E073781-0367-4085-B11E-C6FE5BD69B5C}.Release|iPhoneSimulator.Build.0 = Release|Any CPU
		{402A6EC9-B4E4-4903-932C-CD7D5B39E520}.All|Any CPU.ActiveCfg = Release
		{402A6EC9-B4E4-4903-932C-CD7D5B39E520}.All|iPhone.ActiveCfg = Release
		{402A6EC9-B4E4-4903-932C-CD7D5B39E520}.All|iPhoneSimulator.ActiveCfg = Release
		{402A6EC9-B4E4-4903-932C-CD7D5B39E520}.Debug|Any CPU.ActiveCfg = Debug
		{402A6EC9-B4E4-4903-932C-CD7D5B39E520}.Debug|iPhone.ActiveCfg = Debug
		{402A6EC9-B4E4-4903-932C-CD7D5B39E520}.Debug|iPhoneSimulator.ActiveCfg = Debug
		{402A6EC9-B4E4-4903-932C-CD7D5B39E520}.DefaultBuild|Any CPU.ActiveCfg = Debug
		{402A6EC9-B4E4-4903-932C-CD7D5B39E520}.DefaultBuild|iPhone.ActiveCfg = Debug
		{402A6EC9-B4E4-4903-932C-CD7D5B39E520}.DefaultBuild|iPhoneSimulator.ActiveCfg = Debug
		{402A6EC9-B4E4-4903-932C-CD7D5B39E520}.Release|Any CPU.ActiveCfg = Release
		{402A6EC9-B4E4-4903-932C-CD7D5B39E520}.Release|Any CPU.Build.0 = Release
		{402A6EC9-B4E4-4903-932C-CD7D5B39E520}.Release|iPhone.ActiveCfg = Release
		{402A6EC9-B4E4-4903-932C-CD7D5B39E520}.Release|iPhoneSimulator.ActiveCfg = Release
		{6DE499EF-71FC-475C-8FBA-9B0FEB8EFFB2}.All|Any CPU.ActiveCfg = Debug|Any CPU
		{6DE499EF-71FC-475C-8FBA-9B0FEB8EFFB2}.All|Any CPU.Build.0 = Debug|Any CPU
		{6DE499EF-71FC-475C-8FBA-9B0FEB8EFFB2}.All|iPhone.ActiveCfg = Debug|Any CPU
		{6DE499EF-71FC-475C-8FBA-9B0FEB8EFFB2}.All|iPhone.Build.0 = Debug|Any CPU
		{6DE499EF-71FC-475C-8FBA-9B0FEB8EFFB2}.All|iPhoneSimulator.ActiveCfg = Debug|Any CPU
		{6DE499EF-71FC-475C-8FBA-9B0FEB8EFFB2}.All|iPhoneSimulator.Build.0 = Debug|Any CPU
		{6DE499EF-71FC-475C-8FBA-9B0FEB8EFFB2}.Debug|Any CPU.ActiveCfg = Debug|Any CPU
		{6DE499EF-71FC-475C-8FBA-9B0FEB8EFFB2}.Debug|Any CPU.Build.0 = Debug|Any CPU
		{6DE499EF-71FC-475C-8FBA-9B0FEB8EFFB2}.Debug|iPhone.ActiveCfg = Debug|Any CPU
		{6DE499EF-71FC-475C-8FBA-9B0FEB8EFFB2}.Debug|iPhone.Build.0 = Debug|Any CPU
		{6DE499EF-71FC-475C-8FBA-9B0FEB8EFFB2}.Debug|iPhoneSimulator.ActiveCfg = Debug|Any CPU
		{6DE499EF-71FC-475C-8FBA-9B0FEB8EFFB2}.Debug|iPhoneSimulator.Build.0 = Debug|Any CPU
		{6DE499EF-71FC-475C-8FBA-9B0FEB8EFFB2}.DefaultBuild|Any CPU.ActiveCfg = Debug|Any CPU
		{6DE499EF-71FC-475C-8FBA-9B0FEB8EFFB2}.DefaultBuild|Any CPU.Build.0 = Debug|Any CPU
		{6DE499EF-71FC-475C-8FBA-9B0FEB8EFFB2}.DefaultBuild|iPhone.ActiveCfg = Debug|Any CPU
		{6DE499EF-71FC-475C-8FBA-9B0FEB8EFFB2}.DefaultBuild|iPhone.Build.0 = Debug|Any CPU
		{6DE499EF-71FC-475C-8FBA-9B0FEB8EFFB2}.DefaultBuild|iPhoneSimulator.ActiveCfg = Debug|Any CPU
		{6DE499EF-71FC-475C-8FBA-9B0FEB8EFFB2}.DefaultBuild|iPhoneSimulator.Build.0 = Debug|Any CPU
		{6DE499EF-71FC-475C-8FBA-9B0FEB8EFFB2}.Release|Any CPU.ActiveCfg = Release|Any CPU
		{6DE499EF-71FC-475C-8FBA-9B0FEB8EFFB2}.Release|Any CPU.Build.0 = Release|Any CPU
		{6DE499EF-71FC-475C-8FBA-9B0FEB8EFFB2}.Release|iPhone.ActiveCfg = Release|Any CPU
		{6DE499EF-71FC-475C-8FBA-9B0FEB8EFFB2}.Release|iPhone.Build.0 = Release|Any CPU
		{6DE499EF-71FC-475C-8FBA-9B0FEB8EFFB2}.Release|iPhoneSimulator.ActiveCfg = Release|Any CPU
		{6DE499EF-71FC-475C-8FBA-9B0FEB8EFFB2}.Release|iPhoneSimulator.Build.0 = Release|Any CPU
	EndGlobalSection
	GlobalSection(SolutionProperties) = preSolution
		HideSolutionNode = FALSE
	EndGlobalSection
	GlobalSection(ExtensibilityGlobals) = postSolution
		SolutionGuid = {9C7959F0-B3BB-4EA4-98F2-370494A556C0}
	EndGlobalSection
EndGlobal
