
Microsoft Visual Studio Solution File, Format Version 12.00
# Visual Studio 15
VisualStudioVersion = 15.0.27428.2015
MinimumVisualStudioVersion = 10.0.40219.1
Project("{FAE04EC0-301F-11D3-BF4B-00C04F79EFBC}") = "Bittrex_refresh", "App\Bittrex_refresh.csproj", "{7230E778-0637-499C-934E-AB9533825252}"
EndProject
Project("{54435603-DBB4-11D2-8724-00A0C9A8B90C}") = "Setup", "Setup\Setup.vdproj", "{337B8E0D-5D9A-4E4F-A9B2-A160859DAD5F}"
EndProject
Global
	GlobalSection(SolutionConfigurationPlatforms) = preSolution
		Debug|Any CPU = Debug|Any CPU
		Release|Any CPU = Release|Any CPU
	EndGlobalSection
	GlobalSection(ProjectConfigurationPlatforms) = postSolution
		{7230E778-0637-499C-934E-AB9533825252}.Debug|Any CPU.ActiveCfg = Debug|Any CPU
		{7230E778-0637-499C-934E-AB9533825252}.Debug|Any CPU.Build.0 = Debug|Any CPU
		{7230E778-0637-499C-934E-AB9533825252}.Release|Any CPU.ActiveCfg = Release|Any CPU
		{7230E778-0637-499C-934E-AB9533825252}.Release|Any CPU.Build.0 = Release|Any CPU
		{337B8E0D-5D9A-4E4F-A9B2-A160859DAD5F}.Debug|Any CPU.ActiveCfg = Debug
		{337B8E0D-5D9A-4E4F-A9B2-A160859DAD5F}.Debug|Any CPU.Build.0 = Debug
		{337B8E0D-5D9A-4E4F-A9B2-A160859DAD5F}.Release|Any CPU.ActiveCfg = Release
		{337B8E0D-5D9A-4E4F-A9B2-A160859DAD5F}.Release|Any CPU.Build.0 = Release
	EndGlobalSection
	GlobalSection(SolutionProperties) = preSolution
		HideSolutionNode = FALSE
	EndGlobalSection
	GlobalSection(ExtensibilityGlobals) = postSolution
		SolutionGuid = {9C7959F0-B3BB-4EA4-98F2-370494A556C0}
	EndGlobalSection
EndGlobal
